
Microsoft Visual Studio Solution File, Format Version 12.00
# Visual Studio Version 16
VisualStudioVersion = 16.0.31613.86
MinimumVisualStudioVersion = 10.0.40219.1
Project("{FAE04EC0-301F-11D3-BF4B-00C04F79EFBC}") = "QuanLyHangHoa", "QuanLyHangHoa\QuanLyHangHoa.csproj", "{F04F614D-2061-493C-BAB9-EF4B408A9264}"
EndProject
Global
	GlobalSection(SolutionConfigurationPlatforms) = preSolution
		Debug|Any CPU = Debug|Any CPU
		Release|Any CPU = Release|Any CPU
	EndGlobalSection
	GlobalSection(ProjectConfigurationPlatforms) = postSolution
		{F04F614D-2061-493C-BAB9-EF4B408A9264}.Debug|Any CPU.ActiveCfg = Debug|Any CPU
		{F04F614D-2061-493C-BAB9-EF4B408A9264}.Debug|Any CPU.Build.0 = Debug|Any CPU
		{F04F614D-2061-493C-BAB9-EF4B408A9264}.Release|Any CPU.ActiveCfg = Release|Any CPU
		{F04F614D-2061-493C-BAB9-EF4B408A9264}.Release|Any CPU.Build.0 = Release|Any CPU
	EndGlobalSection
	GlobalSection(SolutionProperties) = preSolution
		HideSolutionNode = FALSE
	EndGlobalSection
	GlobalSection(ExtensibilityGlobals) = postSolution
		SolutionGuid = {D27E7A3D-A347-4903-A5B3-A183CF82F918}
	EndGlobalSection
EndGlobal
